
Microsoft Visual Studio Solution File, Format Version 12.00
# Visual Studio Version 16
VisualStudioVersion = 16.0.30907.101
MinimumVisualStudioVersion = 10.0.40219.1
Project("{FAE04EC0-301F-11D3-BF4B-00C04F79EFBC}") = "TKA.Server", "Server\TKA.Server.csproj", "{8713ADE9-D176-4CC4-AECA-390D5D18E3C2}"
EndProject
Project("{FAE04EC0-301F-11D3-BF4B-00C04F79EFBC}") = "TKA.Client", "Client\TKA.Client.csproj", "{4CDB2714-4CAF-48F1-BC8C-38D335878B4C}"
EndProject
Project("{FAE04EC0-301F-11D3-BF4B-00C04F79EFBC}") = "TKA.Shared", "Shared\TKA.Shared.csproj", "{5BD3734F-C2DD-4261-9C76-9E9BC00AC1B6}"
EndProject
Global
	GlobalSection(SolutionConfigurationPlatforms) = preSolution
		Debug|Any CPU = Debug|Any CPU
		Release|Any CPU = Release|Any CPU
	EndGlobalSection
	GlobalSection(ProjectConfigurationPlatforms) = postSolution
		{8713ADE9-D176-4CC4-AECA-390D5D18E3C2}.Debug|Any CPU.ActiveCfg = Debug|Any CPU
		{8713ADE9-D176-4CC4-AECA-390D5D18E3C2}.Debug|Any CPU.Build.0 = Debug|Any CPU
		{8713ADE9-D176-4CC4-AECA-390D5D18E3C2}.Release|Any CPU.ActiveCfg = Release|Any CPU
		{8713ADE9-D176-4CC4-AECA-390D5D18E3C2}.Release|Any CPU.Build.0 = Release|Any CPU
		{4CDB2714-4CAF-48F1-BC8C-38D335878B4C}.Debug|Any CPU.ActiveCfg = Debug|Any CPU
		{4CDB2714-4CAF-48F1-BC8C-38D335878B4C}.Debug|Any CPU.Build.0 = Debug|Any CPU
		{4CDB2714-4CAF-48F1-BC8C-38D335878B4C}.Release|Any CPU.ActiveCfg = Release|Any CPU
		{4CDB2714-4CAF-48F1-BC8C-38D335878B4C}.Release|Any CPU.Build.0 = Release|Any CPU
		{5BD3734F-C2DD-4261-9C76-9E9BC00AC1B6}.Debug|Any CPU.ActiveCfg = Debug|Any CPU
		{5BD3734F-C2DD-4261-9C76-9E9BC00AC1B6}.Debug|Any CPU.Build.0 = Debug|Any CPU
		{5BD3734F-C2DD-4261-9C76-9E9BC00AC1B6}.Release|Any CPU.ActiveCfg = Release|Any CPU
		{5BD3734F-C2DD-4261-9C76-9E9BC00AC1B6}.Release|Any CPU.Build.0 = Release|Any CPU
	EndGlobalSection
	GlobalSection(SolutionProperties) = preSolution
		HideSolutionNode = FALSE
	EndGlobalSection
	GlobalSection(ExtensibilityGlobals) = postSolution
		SolutionGuid = {4C8BC185-6A78-4430-B10B-14645ADDABB2}
	EndGlobalSection
EndGlobal
